
Microsoft Visual Studio Solution File, Format Version 12.00
Project("{FAE04EC0-301F-11D3-BF4B-00C04F79EFBC}") = "Client.Implementation", "Client\Implementation\Client.Implementation.csproj", "{C73349CA-DC08-4B67-9981-4EA0AFAD335C}"
EndProject
Project("{FAE04EC0-301F-11D3-BF4B-00C04F79EFBC}") = "Node.Api", "Node\Api\Node.Api.csproj", "{099DA7B8-14F4-4387-8ED2-667ECBFBD3F8}"
EndProject
Project("{FAE04EC0-301F-11D3-BF4B-00C04F79EFBC}") = "Console", "Console\Console.csproj", "{D17646EF-E3CB-4F20-A573-F7CD7E5C95CB}"
EndProject
Project("{FAE04EC0-301F-11D3-BF4B-00C04F79EFBC}") = "Client.Implementation.Tests", "Client\Tests\Client.Implementation.Tests.csproj", "{AF5F4875-F1A1-4B07-A15B-F06F12CD8CAC}"
EndProject
Project("{FAE04EC0-301F-11D3-BF4B-00C04F79EFBC}") = "Node.Database", "Node\Database\Node.Database.csproj", "{6E1FBAAF-22F0-45AC-AFE9-05BF7BF92DB7}"
EndProject
Project("{2150E333-8FDC-42A3-9474-1A3956D46DE8}") = "Client", "Client", "{2DBF43F1-72BC-4DF7-A240-681626C71471}"
EndProject
Project("{2150E333-8FDC-42A3-9474-1A3956D46DE8}") = "Node", "Node", "{7AA29B48-E847-4495-AF5D-21F39432DD90}"
	ProjectSection(SolutionItems) = preProject
		Node\EF mirations.md = Node\EF mirations.md
		Node\Dockerfile = Node\Dockerfile
		Node\.dockerignore = Node\.dockerignore
	EndProjectSection
EndProject
Project("{FAE04EC0-301F-11D3-BF4B-00C04F79EFBC}") = "Node.Abstraction", "Node\Abstraction\Node.Abstraction.csproj", "{F1CAC923-496D-480C-831F-96E505845660}"
EndProject
Project("{FAE04EC0-301F-11D3-BF4B-00C04F79EFBC}") = "Client.Abstraction", "Client\Abstraction\Client.Abstraction.csproj", "{57328C0D-07C7-48E5-875B-2651666100F4}"
EndProject
Project("{2150E333-8FDC-42A3-9474-1A3956D46DE8}") = "Manager", "Manager", "{5299C23C-BB4C-4C33-9001-0A544923E98F}"
	ProjectSection(SolutionItems) = preProject
		Manager\Dockerfile = Manager\Dockerfile
		Manager\.dockerignore = Manager\.dockerignore
		Manager\readme.md = Manager\readme.md
		Manager\EF mirations.md = Manager\EF mirations.md
	EndProjectSection
EndProject
Project("{54A90642-561A-4BB1-A94E-469ADEE60C69}") = "Manager.Web", "Manager\Web\Manager.Web.esproj", "{9B164506-1B35-417A-8A06-22B18AAD74C7}"
EndProject
Project("{FAE04EC0-301F-11D3-BF4B-00C04F79EFBC}") = "Manager.Api", "Manager\Api\Manager.Api.csproj", "{A77B954E-37A3-455D-B060-5D09ABC69415}"
EndProject
Project("{FAE04EC0-301F-11D3-BF4B-00C04F79EFBC}") = "Manager.Abstraction", "Manager\Abstraction\Manager.Abstraction.csproj", "{32072CB0-9EEB-47D7-85B5-6AC3E25C163B}"
EndProject
Project("{FAE04EC0-301F-11D3-BF4B-00C04F79EFBC}") = "Manager.Database", "Manager\Database\Manager.Database.csproj", "{490FF6CC-5A9D-45CC-AF0E-1D504AEF9E7F}"
EndProject
Project("{2150E333-8FDC-42A3-9474-1A3956D46DE8}") = "Shared", "Shared", "{9EC9AED7-9D44-4934-BCB5-12B89DC99D05}"
EndProject
Project("{FAE04EC0-301F-11D3-BF4B-00C04F79EFBC}") = "Abstraction", "Shared\Abstraction\Abstraction.csproj", "{382302D3-7CA2-4C59-8940-7A0CF386ED02}"
EndProject
Project("{2150E333-8FDC-42A3-9474-1A3956D46DE8}") = "Docs", "Docs", "{749845AA-CF56-49A2-AC32-B444BA778143}"
	ProjectSection(SolutionItems) = preProject
		Shared\Docs\Infrastructure.drawio = Shared\Docs\Infrastructure.drawio
	EndProjectSection
EndProject
Global
	GlobalSection(SolutionConfigurationPlatforms) = preSolution
		Debug|Any CPU = Debug|Any CPU
		Release|Any CPU = Release|Any CPU
	EndGlobalSection
	GlobalSection(ProjectConfigurationPlatforms) = postSolution
		{C73349CA-DC08-4B67-9981-4EA0AFAD335C}.Debug|Any CPU.ActiveCfg = Debug|Any CPU
		{C73349CA-DC08-4B67-9981-4EA0AFAD335C}.Debug|Any CPU.Build.0 = Debug|Any CPU
		{C73349CA-DC08-4B67-9981-4EA0AFAD335C}.Release|Any CPU.ActiveCfg = Release|Any CPU
		{C73349CA-DC08-4B67-9981-4EA0AFAD335C}.Release|Any CPU.Build.0 = Release|Any CPU
		{099DA7B8-14F4-4387-8ED2-667ECBFBD3F8}.Debug|Any CPU.ActiveCfg = Debug|Any CPU
		{099DA7B8-14F4-4387-8ED2-667ECBFBD3F8}.Debug|Any CPU.Build.0 = Debug|Any CPU
		{099DA7B8-14F4-4387-8ED2-667ECBFBD3F8}.Release|Any CPU.ActiveCfg = Release|Any CPU
		{099DA7B8-14F4-4387-8ED2-667ECBFBD3F8}.Release|Any CPU.Build.0 = Release|Any CPU
		{D17646EF-E3CB-4F20-A573-F7CD7E5C95CB}.Debug|Any CPU.ActiveCfg = Debug|Any CPU
		{D17646EF-E3CB-4F20-A573-F7CD7E5C95CB}.Debug|Any CPU.Build.0 = Debug|Any CPU
		{D17646EF-E3CB-4F20-A573-F7CD7E5C95CB}.Release|Any CPU.ActiveCfg = Release|Any CPU
		{D17646EF-E3CB-4F20-A573-F7CD7E5C95CB}.Release|Any CPU.Build.0 = Release|Any CPU
		{AF5F4875-F1A1-4B07-A15B-F06F12CD8CAC}.Debug|Any CPU.ActiveCfg = Debug|Any CPU
		{AF5F4875-F1A1-4B07-A15B-F06F12CD8CAC}.Debug|Any CPU.Build.0 = Debug|Any CPU
		{AF5F4875-F1A1-4B07-A15B-F06F12CD8CAC}.Release|Any CPU.ActiveCfg = Release|Any CPU
		{AF5F4875-F1A1-4B07-A15B-F06F12CD8CAC}.Release|Any CPU.Build.0 = Release|Any CPU
		{6E1FBAAF-22F0-45AC-AFE9-05BF7BF92DB7}.Debug|Any CPU.ActiveCfg = Debug|Any CPU
		{6E1FBAAF-22F0-45AC-AFE9-05BF7BF92DB7}.Debug|Any CPU.Build.0 = Debug|Any CPU
		{6E1FBAAF-22F0-45AC-AFE9-05BF7BF92DB7}.Release|Any CPU.ActiveCfg = Release|Any CPU
		{6E1FBAAF-22F0-45AC-AFE9-05BF7BF92DB7}.Release|Any CPU.Build.0 = Release|Any CPU
		{F1CAC923-496D-480C-831F-96E505845660}.Debug|Any CPU.ActiveCfg = Debug|Any CPU
		{F1CAC923-496D-480C-831F-96E505845660}.Debug|Any CPU.Build.0 = Debug|Any CPU
		{F1CAC923-496D-480C-831F-96E505845660}.Release|Any CPU.ActiveCfg = Release|Any CPU
		{F1CAC923-496D-480C-831F-96E505845660}.Release|Any CPU.Build.0 = Release|Any CPU
		{57328C0D-07C7-48E5-875B-2651666100F4}.Debug|Any CPU.ActiveCfg = Debug|Any CPU
		{57328C0D-07C7-48E5-875B-2651666100F4}.Debug|Any CPU.Build.0 = Debug|Any CPU
		{57328C0D-07C7-48E5-875B-2651666100F4}.Release|Any CPU.ActiveCfg = Release|Any CPU
		{57328C0D-07C7-48E5-875B-2651666100F4}.Release|Any CPU.Build.0 = Release|Any CPU
		{9B164506-1B35-417A-8A06-22B18AAD74C7}.Debug|Any CPU.ActiveCfg = Debug|Any CPU
		{9B164506-1B35-417A-8A06-22B18AAD74C7}.Debug|Any CPU.Build.0 = Debug|Any CPU
		{9B164506-1B35-417A-8A06-22B18AAD74C7}.Release|Any CPU.ActiveCfg = Release|Any CPU
		{9B164506-1B35-417A-8A06-22B18AAD74C7}.Release|Any CPU.Build.0 = Release|Any CPU
		{A77B954E-37A3-455D-B060-5D09ABC69415}.Debug|Any CPU.ActiveCfg = Debug|Any CPU
		{A77B954E-37A3-455D-B060-5D09ABC69415}.Debug|Any CPU.Build.0 = Debug|Any CPU
		{A77B954E-37A3-455D-B060-5D09ABC69415}.Release|Any CPU.ActiveCfg = Release|Any CPU
		{A77B954E-37A3-455D-B060-5D09ABC69415}.Release|Any CPU.Build.0 = Release|Any CPU
		{32072CB0-9EEB-47D7-85B5-6AC3E25C163B}.Debug|Any CPU.ActiveCfg = Debug|Any CPU
		{32072CB0-9EEB-47D7-85B5-6AC3E25C163B}.Debug|Any CPU.Build.0 = Debug|Any CPU
		{32072CB0-9EEB-47D7-85B5-6AC3E25C163B}.Release|Any CPU.ActiveCfg = Release|Any CPU
		{32072CB0-9EEB-47D7-85B5-6AC3E25C163B}.Release|Any CPU.Build.0 = Release|Any CPU
		{490FF6CC-5A9D-45CC-AF0E-1D504AEF9E7F}.Debug|Any CPU.ActiveCfg = Debug|Any CPU
		{490FF6CC-5A9D-45CC-AF0E-1D504AEF9E7F}.Debug|Any CPU.Build.0 = Debug|Any CPU
		{490FF6CC-5A9D-45CC-AF0E-1D504AEF9E7F}.Release|Any CPU.ActiveCfg = Release|Any CPU
		{490FF6CC-5A9D-45CC-AF0E-1D504AEF9E7F}.Release|Any CPU.Build.0 = Release|Any CPU
		{382302D3-7CA2-4C59-8940-7A0CF386ED02}.Debug|Any CPU.ActiveCfg = Debug|Any CPU
		{382302D3-7CA2-4C59-8940-7A0CF386ED02}.Debug|Any CPU.Build.0 = Debug|Any CPU
		{382302D3-7CA2-4C59-8940-7A0CF386ED02}.Release|Any CPU.ActiveCfg = Release|Any CPU
		{382302D3-7CA2-4C59-8940-7A0CF386ED02}.Release|Any CPU.Build.0 = Release|Any CPU
	EndGlobalSection
	GlobalSection(NestedProjects) = preSolution
		{C73349CA-DC08-4B67-9981-4EA0AFAD335C} = {2DBF43F1-72BC-4DF7-A240-681626C71471}
		{AF5F4875-F1A1-4B07-A15B-F06F12CD8CAC} = {2DBF43F1-72BC-4DF7-A240-681626C71471}
		{099DA7B8-14F4-4387-8ED2-667ECBFBD3F8} = {7AA29B48-E847-4495-AF5D-21F39432DD90}
		{6E1FBAAF-22F0-45AC-AFE9-05BF7BF92DB7} = {7AA29B48-E847-4495-AF5D-21F39432DD90}
		{F1CAC923-496D-480C-831F-96E505845660} = {7AA29B48-E847-4495-AF5D-21F39432DD90}
		{57328C0D-07C7-48E5-875B-2651666100F4} = {2DBF43F1-72BC-4DF7-A240-681626C71471}
		{9B164506-1B35-417A-8A06-22B18AAD74C7} = {5299C23C-BB4C-4C33-9001-0A544923E98F}
		{A77B954E-37A3-455D-B060-5D09ABC69415} = {5299C23C-BB4C-4C33-9001-0A544923E98F}
		{32072CB0-9EEB-47D7-85B5-6AC3E25C163B} = {5299C23C-BB4C-4C33-9001-0A544923E98F}
		{490FF6CC-5A9D-45CC-AF0E-1D504AEF9E7F} = {5299C23C-BB4C-4C33-9001-0A544923E98F}
		{382302D3-7CA2-4C59-8940-7A0CF386ED02} = {9EC9AED7-9D44-4934-BCB5-12B89DC99D05}
		{749845AA-CF56-49A2-AC32-B444BA778143} = {9EC9AED7-9D44-4934-BCB5-12B89DC99D05}
	EndGlobalSection
EndGlobal
