
Microsoft Visual Studio Solution File, Format Version 12.00
Project("{FAE04EC0-301F-11D3-BF4B-00C04F79EFBC}") = "Client.Implementation", "Client\Implementation\Client.Implementation.csproj", "{C73349CA-DC08-4B67-9981-4EA0AFAD335C}"
EndProject
Project("{FAE04EC0-301F-11D3-BF4B-00C04F79EFBC}") = "Node.Api", "Node\Api\Node.Api.csproj", "{099DA7B8-14F4-4387-8ED2-667ECBFBD3F8}"
EndProject
Project("{FAE04EC0-301F-11D3-BF4B-00C04F79EFBC}") = "Console", "Console\Console.csproj", "{D17646EF-E3CB-4F20-A573-F7CD7E5C95CB}"
EndProject
Project("{FAE04EC0-301F-11D3-BF4B-00C04F79EFBC}") = "Client.Implementation.Tests", "Client\Tests\Client.Implementation.Tests.csproj", "{AF5F4875-F1A1-4B07-A15B-F06F12CD8CAC}"
EndProject
Project("{FAE04EC0-301F-11D3-BF4B-00C04F79EFBC}") = "Node.Database", "Node\Database\Node.Database.csproj", "{6E1FBAAF-22F0-45AC-AFE9-05BF7BF92DB7}"
EndProject
Project("{2150E333-8FDC-42A3-9474-1A3956D46DE8}") = "Client", "Client", "{2DBF43F1-72BC-4DF7-A240-681626C71471}"
EndProject
Project("{2150E333-8FDC-42A3-9474-1A3956D46DE8}") = "Node", "Node", "{7AA29B48-E847-4495-AF5D-21F39432DD90}"
	ProjectSection(SolutionItems) = preProject
		Node\node-compose.yml = Node\node-compose.yml
	EndProjectSection
EndProject
Project("{FAE04EC0-301F-11D3-BF4B-00C04F79EFBC}") = "Node.Abstraction", "Node\Abstraction\Node.Abstraction.csproj", "{F1CAC923-496D-480C-831F-96E505845660}"
EndProject
Project("{FAE04EC0-301F-11D3-BF4B-00C04F79EFBC}") = "Client.Abstraction", "Client\Abstraction\Client.Abstraction.csproj", "{57328C0D-07C7-48E5-875B-2651666100F4}"
EndProject
Project("{FAE04EC0-301F-11D3-BF4B-00C04F79EFBC}") = "Node.Database.Sqlite", "Node\Database.Sqlite\Node.Database.Sqlite.csproj", "{B517E0D3-0725-434F-9AA0-4C89B36D58D9}"
EndProject
Project("{FAE04EC0-301F-11D3-BF4B-00C04F79EFBC}") = "Node.Core", "Node\Core\Node.Core\Node.Core.csproj", "{4B701CC4-5963-4604-BE77-01C54352F09B}"
EndProject
Global
	GlobalSection(SolutionConfigurationPlatforms) = preSolution
		Debug|Any CPU = Debug|Any CPU
		Release|Any CPU = Release|Any CPU
	EndGlobalSection
	GlobalSection(ProjectConfigurationPlatforms) = postSolution
		{C73349CA-DC08-4B67-9981-4EA0AFAD335C}.Debug|Any CPU.ActiveCfg = Debug|Any CPU
		{C73349CA-DC08-4B67-9981-4EA0AFAD335C}.Debug|Any CPU.Build.0 = Debug|Any CPU
		{C73349CA-DC08-4B67-9981-4EA0AFAD335C}.Release|Any CPU.ActiveCfg = Release|Any CPU
		{C73349CA-DC08-4B67-9981-4EA0AFAD335C}.Release|Any CPU.Build.0 = Release|Any CPU
		{099DA7B8-14F4-4387-8ED2-667ECBFBD3F8}.Debug|Any CPU.ActiveCfg = Debug|Any CPU
		{099DA7B8-14F4-4387-8ED2-667ECBFBD3F8}.Debug|Any CPU.Build.0 = Debug|Any CPU
		{099DA7B8-14F4-4387-8ED2-667ECBFBD3F8}.Release|Any CPU.ActiveCfg = Release|Any CPU
		{099DA7B8-14F4-4387-8ED2-667ECBFBD3F8}.Release|Any CPU.Build.0 = Release|Any CPU
		{D17646EF-E3CB-4F20-A573-F7CD7E5C95CB}.Debug|Any CPU.ActiveCfg = Debug|Any CPU
		{D17646EF-E3CB-4F20-A573-F7CD7E5C95CB}.Debug|Any CPU.Build.0 = Debug|Any CPU
		{D17646EF-E3CB-4F20-A573-F7CD7E5C95CB}.Release|Any CPU.ActiveCfg = Release|Any CPU
		{D17646EF-E3CB-4F20-A573-F7CD7E5C95CB}.Release|Any CPU.Build.0 = Release|Any CPU
		{AF5F4875-F1A1-4B07-A15B-F06F12CD8CAC}.Debug|Any CPU.ActiveCfg = Debug|Any CPU
		{AF5F4875-F1A1-4B07-A15B-F06F12CD8CAC}.Debug|Any CPU.Build.0 = Debug|Any CPU
		{AF5F4875-F1A1-4B07-A15B-F06F12CD8CAC}.Release|Any CPU.ActiveCfg = Release|Any CPU
		{AF5F4875-F1A1-4B07-A15B-F06F12CD8CAC}.Release|Any CPU.Build.0 = Release|Any CPU
		{6E1FBAAF-22F0-45AC-AFE9-05BF7BF92DB7}.Debug|Any CPU.ActiveCfg = Debug|Any CPU
		{6E1FBAAF-22F0-45AC-AFE9-05BF7BF92DB7}.Debug|Any CPU.Build.0 = Debug|Any CPU
		{6E1FBAAF-22F0-45AC-AFE9-05BF7BF92DB7}.Release|Any CPU.ActiveCfg = Release|Any CPU
		{6E1FBAAF-22F0-45AC-AFE9-05BF7BF92DB7}.Release|Any CPU.Build.0 = Release|Any CPU
		{F1CAC923-496D-480C-831F-96E505845660}.Debug|Any CPU.ActiveCfg = Debug|Any CPU
		{F1CAC923-496D-480C-831F-96E505845660}.Debug|Any CPU.Build.0 = Debug|Any CPU
		{F1CAC923-496D-480C-831F-96E505845660}.Release|Any CPU.ActiveCfg = Release|Any CPU
		{F1CAC923-496D-480C-831F-96E505845660}.Release|Any CPU.Build.0 = Release|Any CPU
		{57328C0D-07C7-48E5-875B-2651666100F4}.Debug|Any CPU.ActiveCfg = Debug|Any CPU
		{57328C0D-07C7-48E5-875B-2651666100F4}.Debug|Any CPU.Build.0 = Debug|Any CPU
		{57328C0D-07C7-48E5-875B-2651666100F4}.Release|Any CPU.ActiveCfg = Release|Any CPU
		{57328C0D-07C7-48E5-875B-2651666100F4}.Release|Any CPU.Build.0 = Release|Any CPU
		{B517E0D3-0725-434F-9AA0-4C89B36D58D9}.Debug|Any CPU.ActiveCfg = Debug|Any CPU
		{B517E0D3-0725-434F-9AA0-4C89B36D58D9}.Debug|Any CPU.Build.0 = Debug|Any CPU
		{B517E0D3-0725-434F-9AA0-4C89B36D58D9}.Release|Any CPU.ActiveCfg = Release|Any CPU
		{B517E0D3-0725-434F-9AA0-4C89B36D58D9}.Release|Any CPU.Build.0 = Release|Any CPU
		{4B701CC4-5963-4604-BE77-01C54352F09B}.Debug|Any CPU.ActiveCfg = Debug|Any CPU
		{4B701CC4-5963-4604-BE77-01C54352F09B}.Debug|Any CPU.Build.0 = Debug|Any CPU
		{4B701CC4-5963-4604-BE77-01C54352F09B}.Release|Any CPU.ActiveCfg = Release|Any CPU
		{4B701CC4-5963-4604-BE77-01C54352F09B}.Release|Any CPU.Build.0 = Release|Any CPU
	EndGlobalSection
	GlobalSection(NestedProjects) = preSolution
		{C73349CA-DC08-4B67-9981-4EA0AFAD335C} = {2DBF43F1-72BC-4DF7-A240-681626C71471}
		{AF5F4875-F1A1-4B07-A15B-F06F12CD8CAC} = {2DBF43F1-72BC-4DF7-A240-681626C71471}
		{099DA7B8-14F4-4387-8ED2-667ECBFBD3F8} = {7AA29B48-E847-4495-AF5D-21F39432DD90}
		{6E1FBAAF-22F0-45AC-AFE9-05BF7BF92DB7} = {7AA29B48-E847-4495-AF5D-21F39432DD90}
		{F1CAC923-496D-480C-831F-96E505845660} = {7AA29B48-E847-4495-AF5D-21F39432DD90}
		{57328C0D-07C7-48E5-875B-2651666100F4} = {2DBF43F1-72BC-4DF7-A240-681626C71471}
		{B517E0D3-0725-434F-9AA0-4C89B36D58D9} = {7AA29B48-E847-4495-AF5D-21F39432DD90}
		{4B701CC4-5963-4604-BE77-01C54352F09B} = {7AA29B48-E847-4495-AF5D-21F39432DD90}
	EndGlobalSection
EndGlobal
